
Microsoft Visual Studio Solution File, Format Version 12.00
# Visual Studio Version 17
VisualStudioVersion = 17.2.32505.173
MinimumVisualStudioVersion = 10.0.40219.1
Project("{9A19103F-16F7-4668-BE54-9A1E7A4F7556}") = "RazorPizzeria", "RazorPizzeria\RazorPizzeria.csproj", "{16111603-F2E1-4407-B756-851CABBF980F}"
EndProject
Global
	GlobalSection(SolutionConfigurationPlatforms) = preSolution
		Debug|Any CPU = Debug|Any CPU
		Release|Any CPU = Release|Any CPU
	EndGlobalSection
	GlobalSection(ProjectConfigurationPlatforms) = postSolution
		{16111603-F2E1-4407-B756-851CABBF980F}.Debug|Any CPU.ActiveCfg = Debug|Any CPU
		{16111603-F2E1-4407-B756-851CABBF980F}.Debug|Any CPU.Build.0 = Debug|Any CPU
		{16111603-F2E1-4407-B756-851CABBF980F}.Release|Any CPU.ActiveCfg = Release|Any CPU
		{16111603-F2E1-4407-B756-851CABBF980F}.Release|Any CPU.Build.0 = Release|Any CPU
	EndGlobalSection
	GlobalSection(SolutionProperties) = preSolution
		HideSolutionNode = FALSE
	EndGlobalSection
	GlobalSection(ExtensibilityGlobals) = postSolution
		SolutionGuid = {9D31CAF2-D60B-46FA-B67B-9BEA995912E6}
	EndGlobalSection
EndGlobal
